
Microsoft Visual Studio Solution File, Format Version 12.00
# Visual Studio Version 17
VisualStudioVersion = 17.9.34714.143
MinimumVisualStudioVersion = 10.0.40219.1
Project("{9A19103F-16F7-4668-BE54-9A1E7A4F7556}") = "AMath.Algorithms", "AMath.Algorithms\AMath.Algorithms.csproj", "{44581D0D-572A-4E5B-A97F-6D6196A3AB53}"
EndProject
Project("{9A19103F-16F7-4668-BE54-9A1E7A4F7556}") = "AMath.Statistics", "AMath.Statistics\AMath.Statistics.csproj", "{A0628376-2F02-426B-847F-905AE6D17B13}"
EndProject
Project("{9A19103F-16F7-4668-BE54-9A1E7A4F7556}") = "AMath.Calculus", "AMath.Calculus\AMath.Calculus.csproj", "{8B070539-08B7-4220-B44D-54CEB0EFF221}"
EndProject
Project("{FAE04EC0-301F-11D3-BF4B-00C04F79EFBC}") = "AMath.Calculus.Tests", "AMath.Calculus.Tests\AMath.Calculus.Tests.csproj", "{714C6130-0EA9-408F-9740-C3DD67C31BE6}"
EndProject
Project("{FAE04EC0-301F-11D3-BF4B-00C04F79EFBC}") = "AMath.Algorithms.Tests", "AMath.Algorithms.Tests\AMath.Algorithms.Tests.csproj", "{D665B5F4-4261-4785-9FA1-94DC349D0DCD}"
EndProject
Global
	GlobalSection(SolutionConfigurationPlatforms) = preSolution
		Debug|Any CPU = Debug|Any CPU
		Release|Any CPU = Release|Any CPU
	EndGlobalSection
	GlobalSection(ProjectConfigurationPlatforms) = postSolution
		{44581D0D-572A-4E5B-A97F-6D6196A3AB53}.Debug|Any CPU.ActiveCfg = Debug|Any CPU
		{44581D0D-572A-4E5B-A97F-6D6196A3AB53}.Debug|Any CPU.Build.0 = Debug|Any CPU
		{44581D0D-572A-4E5B-A97F-6D6196A3AB53}.Release|Any CPU.ActiveCfg = Release|Any CPU
		{44581D0D-572A-4E5B-A97F-6D6196A3AB53}.Release|Any CPU.Build.0 = Release|Any CPU
		{A0628376-2F02-426B-847F-905AE6D17B13}.Debug|Any CPU.ActiveCfg = Debug|Any CPU
		{A0628376-2F02-426B-847F-905AE6D17B13}.Debug|Any CPU.Build.0 = Debug|Any CPU
		{A0628376-2F02-426B-847F-905AE6D17B13}.Release|Any CPU.ActiveCfg = Release|Any CPU
		{A0628376-2F02-426B-847F-905AE6D17B13}.Release|Any CPU.Build.0 = Release|Any CPU
		{8B070539-08B7-4220-B44D-54CEB0EFF221}.Debug|Any CPU.ActiveCfg = Debug|Any CPU
		{8B070539-08B7-4220-B44D-54CEB0EFF221}.Debug|Any CPU.Build.0 = Debug|Any CPU
		{8B070539-08B7-4220-B44D-54CEB0EFF221}.Release|Any CPU.ActiveCfg = Release|Any CPU
		{8B070539-08B7-4220-B44D-54CEB0EFF221}.Release|Any CPU.Build.0 = Release|Any CPU
		{714C6130-0EA9-408F-9740-C3DD67C31BE6}.Debug|Any CPU.ActiveCfg = Debug|Any CPU
		{714C6130-0EA9-408F-9740-C3DD67C31BE6}.Debug|Any CPU.Build.0 = Debug|Any CPU
		{714C6130-0EA9-408F-9740-C3DD67C31BE6}.Release|Any CPU.ActiveCfg = Release|Any CPU
		{714C6130-0EA9-408F-9740-C3DD67C31BE6}.Release|Any CPU.Build.0 = Release|Any CPU
		{D665B5F4-4261-4785-9FA1-94DC349D0DCD}.Debug|Any CPU.ActiveCfg = Debug|Any CPU
		{D665B5F4-4261-4785-9FA1-94DC349D0DCD}.Debug|Any CPU.Build.0 = Debug|Any CPU
		{D665B5F4-4261-4785-9FA1-94DC349D0DCD}.Release|Any CPU.ActiveCfg = Release|Any CPU
		{D665B5F4-4261-4785-9FA1-94DC349D0DCD}.Release|Any CPU.Build.0 = Release|Any CPU
	EndGlobalSection
	GlobalSection(SolutionProperties) = preSolution
		HideSolutionNode = FALSE
	EndGlobalSection
	GlobalSection(ExtensibilityGlobals) = postSolution
		SolutionGuid = {541AE30C-309C-4033-80AC-1865C0A5D36D}
	EndGlobalSection
EndGlobal
